// !$*UTF8*$!
{
	archiveVersion = 1;
	classes = {
	};
	objectVersion = 56;
	objects = {

/* Begin PBXBuildFile section */
		D41509A22E2E269F00C41798 /* openapi.yaml in Resources */ = {isa = PBXBuildFile; fileRef = D41509A12E2E269F00C41798 /* openapi.yaml */; };
		D427F0D22E0D18F900F0AB14 /* TravelScheduleApp.swift in Sources */ = {isa = PBXBuildFile; fileRef = D427F0D12E0D18F900F0AB14 /* TravelScheduleApp.swift */; };
		D427F0D42E0D18F900F0AB14 /* ContentView.swift in Sources */ = {isa = PBXBuildFile; fileRef = D427F0D32E0D18F900F0AB14 /* ContentView.swift */; };
		D427F0D62E0D18FB00F0AB14 /* Assets.xcassets in Resources */ = {isa = PBXBuildFile; fileRef = D427F0D52E0D18FB00F0AB14 /* Assets.xcassets */; };
		D427F0D92E0D18FB00F0AB14 /* Preview Assets.xcassets in Resources */ = {isa = PBXBuildFile; fileRef = D427F0D82E0D18FB00F0AB14 /* Preview Assets.xcassets */; };
		D45046412E4C48180090DAAE /* TimePeriod.swift in Sources */ = {isa = PBXBuildFile; fileRef = D45046402E4C48180090DAAE /* TimePeriod.swift */; };
		D45046442E4C52290090DAAE /* CarrierRoute.swift in Sources */ = {isa = PBXBuildFile; fileRef = D45046432E4C52290090DAAE /* CarrierRoute.swift */; };
		D45046472E4C52A60090DAAE /* RailwayStation.swift in Sources */ = {isa = PBXBuildFile; fileRef = D45046462E4C52A60090DAAE /* RailwayStation.swift */; };
		D45046492E4C52B50090DAAE /* City.swift in Sources */ = {isa = PBXBuildFile; fileRef = D45046482E4C52B50090DAAE /* City.swift */; };
		D450464B2E4C53910090DAAE /* Destination.swift in Sources */ = {isa = PBXBuildFile; fileRef = D450464A2E4C53910090DAAE /* Destination.swift */; };
		D465D1672E1B8D9900A84B89 /* OpenAPIRuntime in Frameworks */ = {isa = PBXBuildFile; productRef = D465D1662E1B8D9900A84B89 /* OpenAPIRuntime */; };
		D465D16A2E1B8DBA00A84B89 /* OpenAPIURLSession in Frameworks */ = {isa = PBXBuildFile; productRef = D465D1692E1B8DBA00A84B89 /* OpenAPIURLSession */; };
		D465D1752E1B938900A84B89 /* NearestStationsService.swift in Sources */ = {isa = PBXBuildFile; fileRef = D465D1742E1B938900A84B89 /* NearestStationsService.swift */; };
		D47844992E3A2E1700D93D42 /* CitySelectionView.swift in Sources */ = {isa = PBXBuildFile; fileRef = D47844982E3A2E1700D93D42 /* CitySelectionView.swift */; };
		D48ABEC02E4B9A8E00F1680B /* ErrorType.swift in Sources */ = {isa = PBXBuildFile; fileRef = D48ABEBF2E4B9A8E00F1680B /* ErrorType.swift */; };
		D48ABEC32E4B9AC100F1680B /* SettingsDestination.swift in Sources */ = {isa = PBXBuildFile; fileRef = D48ABEC22E4B9AC100F1680B /* SettingsDestination.swift */; };
		D48ABEC62E4B9AE600F1680B /* NavigationController.swift in Sources */ = {isa = PBXBuildFile; fileRef = D48ABEC52E4B9AE600F1680B /* NavigationController.swift */; };
		D48ABEC92E4B9B2500F1680B /* SettingsButton.swift in Sources */ = {isa = PBXBuildFile; fileRef = D48ABEC82E4B9B2500F1680B /* SettingsButton.swift */; };
		D48FFE9B2E2E31380021FF7D /* CopyrightService.swift in Sources */ = {isa = PBXBuildFile; fileRef = D48FFE9A2E2E31380021FF7D /* CopyrightService.swift */; };
		D48FFE9E2E2E4EDA0021FF7D /* ScheduleBetweenStationsService.swift in Sources */ = {isa = PBXBuildFile; fileRef = D48FFE9D2E2E4EDA0021FF7D /* ScheduleBetweenStationsService.swift */; };
		D48FFEA22E2FC2E10021FF7D /* ScheduleStationsService.swift in Sources */ = {isa = PBXBuildFile; fileRef = D48FFEA12E2FC2E10021FF7D /* ScheduleStationsService.swift */; };
		D48FFEA92E30A97D0021FF7D /* ListRouteStationsService.swift in Sources */ = {isa = PBXBuildFile; fileRef = D48FFEA82E30A97C0021FF7D /* ListRouteStationsService.swift */; };
		D48FFEAC2E30EC560021FF7D /* NearestSettlementService.swift in Sources */ = {isa = PBXBuildFile; fileRef = D48FFEAB2E30EC560021FF7D /* NearestSettlementService.swift */; };
		D48FFEAF2E30FE500021FF7D /* CarrierService.swift in Sources */ = {isa = PBXBuildFile; fileRef = D48FFEAE2E30FE500021FF7D /* CarrierService.swift */; };
		D48FFEB32E310B610021FF7D /* AllStationsService.swift in Sources */ = {isa = PBXBuildFile; fileRef = D48FFEB22E310B610021FF7D /* AllStationsService.swift */; };
		D4A65E222E3891AA004E24B1 /* SplashScreen.swift in Sources */ = {isa = PBXBuildFile; fileRef = D4A65E212E3891AA004E24B1 /* SplashScreen.swift */; };
		D4A65E252E3891D1004E24B1 /* RouteSelectionView.swift in Sources */ = {isa = PBXBuildFile; fileRef = D4A65E242E3891D1004E24B1 /* RouteSelectionView.swift */; };
		D4A8DE1B2E2AE7A7007178FC /* openapi-generator-config.yaml in Resources */ = {isa = PBXBuildFile; fileRef = D4A8DE1A2E2AE7A7007178FC /* openapi-generator-config.yaml */; };
		D4E21F012E4CC407008BEB2E /* SettingsKeys.swift in Sources */ = {isa = PBXBuildFile; fileRef = D4E21F002E4CC407008BEB2E /* SettingsKeys.swift */; };
		D4FD8C252E3C86C20064C9A2 /* StoriesCell.swift in Sources */ = {isa = PBXBuildFile; fileRef = D4FD8C242E3C86C20064C9A2 /* StoriesCell.swift */; };
		D4FD8C2F2E3CD2F40064C9A2 /* CityRowView.swift in Sources */ = {isa = PBXBuildFile; fileRef = D4FD8C2E2E3CD2F40064C9A2 /* CityRowView.swift */; };
		D4FD8C322E3CD3170064C9A2 /* CityViewModel.swift in Sources */ = {isa = PBXBuildFile; fileRef = D4FD8C312E3CD3170064C9A2 /* CityViewModel.swift */; };
		D4FD8C3C2E3D43050064C9A2 /* StationSelectionView.swift in Sources */ = {isa = PBXBuildFile; fileRef = D4FD8C3B2E3D43050064C9A2 /* StationSelectionView.swift */; };
		D4FD8C402E3D43730064C9A2 /* StationViewModel.swift in Sources */ = {isa = PBXBuildFile; fileRef = D4FD8C3F2E3D43730064C9A2 /* StationViewModel.swift */; };
		D4FD8C422E3D43B30064C9A2 /* StationRowView.swift in Sources */ = {isa = PBXBuildFile; fileRef = D4FD8C412E3D43B30064C9A2 /* StationRowView.swift */; };
		D4FD8C452E3D4AFA0064C9A2 /* SearchBar.swift in Sources */ = {isa = PBXBuildFile; fileRef = D4FD8C442E3D4AFA0064C9A2 /* SearchBar.swift */; };
		D4FD8C482E3D5A5B0064C9A2 /* FilterView.swift in Sources */ = {isa = PBXBuildFile; fileRef = D4FD8C472E3D5A5B0064C9A2 /* FilterView.swift */; };
		D4FD8C4B2E3D5ADF0064C9A2 /* CarrierListView.swift in Sources */ = {isa = PBXBuildFile; fileRef = D4FD8C4A2E3D5ADF0064C9A2 /* CarrierListView.swift */; };
		D4FD8C4D2E3D5B060064C9A2 /* CarrierRouteViewModel.swift in Sources */ = {isa = PBXBuildFile; fileRef = D4FD8C4C2E3D5B060064C9A2 /* CarrierRouteViewModel.swift */; };
		D4FD8C4F2E3D5B3F0064C9A2 /* CarriersRowView.swift in Sources */ = {isa = PBXBuildFile; fileRef = D4FD8C4E2E3D5B3F0064C9A2 /* CarriersRowView.swift */; };
		D4FD8C562E3D60010064C9A2 /* StoriesViewModel.swift in Sources */ = {isa = PBXBuildFile; fileRef = D4FD8C552E3D60010064C9A2 /* StoriesViewModel.swift */; };
		D4FD8C582E3D60160064C9A2 /* Stories.swift in Sources */ = {isa = PBXBuildFile; fileRef = D4FD8C572E3D60160064C9A2 /* Stories.swift */; };
		D4FD8C5F2E3D61500064C9A2 /* ErrorView.swift in Sources */ = {isa = PBXBuildFile; fileRef = D4FD8C5E2E3D614F0064C9A2 /* ErrorView.swift */; };
		D4FD8C732E3D63A80064C9A2 /* SettingsView.swift in Sources */ = {isa = PBXBuildFile; fileRef = D4FD8C722E3D63A80064C9A2 /* SettingsView.swift */; };
/* End PBXBuildFile section */

/* Begin PBXFileReference section */
		D41509A12E2E269F00C41798 /* openapi.yaml */ = {isa = PBXFileReference; fileEncoding = 4; lastKnownFileType = text.yaml; path = openapi.yaml; sourceTree = "<group>"; };
		D427F0CE2E0D18F900F0AB14 /* TravelSchedule.app */ = {isa = PBXFileReference; explicitFileType = wrapper.application; includeInIndex = 0; path = TravelSchedule.app; sourceTree = BUILT_PRODUCTS_DIR; };
		D427F0D12E0D18F900F0AB14 /* TravelScheduleApp.swift */ = {isa = PBXFileReference; lastKnownFileType = sourcecode.swift; path = TravelScheduleApp.swift; sourceTree = "<group>"; };
		D427F0D32E0D18F900F0AB14 /* ContentView.swift */ = {isa = PBXFileReference; lastKnownFileType = sourcecode.swift; path = ContentView.swift; sourceTree = "<group>"; };
		D427F0D52E0D18FB00F0AB14 /* Assets.xcassets */ = {isa = PBXFileReference; lastKnownFileType = folder.assetcatalog; path = Assets.xcassets; sourceTree = "<group>"; };
		D427F0D82E0D18FB00F0AB14 /* Preview Assets.xcassets */ = {isa = PBXFileReference; lastKnownFileType = folder.assetcatalog; path = "Preview Assets.xcassets"; sourceTree = "<group>"; };
		D45046402E4C48180090DAAE /* TimePeriod.swift */ = {isa = PBXFileReference; lastKnownFileType = sourcecode.swift; path = TimePeriod.swift; sourceTree = "<group>"; };
		D45046432E4C52290090DAAE /* CarrierRoute.swift */ = {isa = PBXFileReference; lastKnownFileType = sourcecode.swift; path = CarrierRoute.swift; sourceTree = "<group>"; };
		D45046462E4C52A60090DAAE /* RailwayStation.swift */ = {isa = PBXFileReference; lastKnownFileType = sourcecode.swift; path = RailwayStation.swift; sourceTree = "<group>"; };
		D45046482E4C52B50090DAAE /* City.swift */ = {isa = PBXFileReference; lastKnownFileType = sourcecode.swift; path = City.swift; sourceTree = "<group>"; };
		D450464A2E4C53910090DAAE /* Destination.swift */ = {isa = PBXFileReference; lastKnownFileType = sourcecode.swift; path = Destination.swift; sourceTree = "<group>"; };
		D465D1742E1B938900A84B89 /* NearestStationsService.swift */ = {isa = PBXFileReference; lastKnownFileType = sourcecode.swift; path = NearestStationsService.swift; sourceTree = "<group>"; };
		D47844982E3A2E1700D93D42 /* CitySelectionView.swift */ = {isa = PBXFileReference; lastKnownFileType = sourcecode.swift; path = CitySelectionView.swift; sourceTree = "<group>"; };
		D48ABEBF2E4B9A8E00F1680B /* ErrorType.swift */ = {isa = PBXFileReference; lastKnownFileType = sourcecode.swift; path = ErrorType.swift; sourceTree = "<group>"; };
		D48ABEC22E4B9AC100F1680B /* SettingsDestination.swift */ = {isa = PBXFileReference; lastKnownFileType = sourcecode.swift; path = SettingsDestination.swift; sourceTree = "<group>"; };
		D48ABEC52E4B9AE600F1680B /* NavigationController.swift */ = {isa = PBXFileReference; lastKnownFileType = sourcecode.swift; path = NavigationController.swift; sourceTree = "<group>"; };
		D48ABEC82E4B9B2500F1680B /* SettingsButton.swift */ = {isa = PBXFileReference; lastKnownFileType = sourcecode.swift; path = SettingsButton.swift; sourceTree = "<group>"; };
		D48FFE9A2E2E31380021FF7D /* CopyrightService.swift */ = {isa = PBXFileReference; lastKnownFileType = sourcecode.swift; path = CopyrightService.swift; sourceTree = "<group>"; };
		D48FFE9D2E2E4EDA0021FF7D /* ScheduleBetweenStationsService.swift */ = {isa = PBXFileReference; lastKnownFileType = sourcecode.swift; path = ScheduleBetweenStationsService.swift; sourceTree = "<group>"; };
		D48FFEA12E2FC2E10021FF7D /* ScheduleStationsService.swift */ = {isa = PBXFileReference; lastKnownFileType = sourcecode.swift; path = ScheduleStationsService.swift; sourceTree = "<group>"; };
		D48FFEA82E30A97C0021FF7D /* ListRouteStationsService.swift */ = {isa = PBXFileReference; lastKnownFileType = sourcecode.swift; path = ListRouteStationsService.swift; sourceTree = "<group>"; };
		D48FFEAB2E30EC560021FF7D /* NearestSettlementService.swift */ = {isa = PBXFileReference; lastKnownFileType = sourcecode.swift; path = NearestSettlementService.swift; sourceTree = "<group>"; };
		D48FFEAE2E30FE500021FF7D /* CarrierService.swift */ = {isa = PBXFileReference; lastKnownFileType = sourcecode.swift; path = CarrierService.swift; sourceTree = "<group>"; };
		D48FFEB22E310B610021FF7D /* AllStationsService.swift */ = {isa = PBXFileReference; lastKnownFileType = sourcecode.swift; path = AllStationsService.swift; sourceTree = "<group>"; };
		D4A65E212E3891AA004E24B1 /* SplashScreen.swift */ = {isa = PBXFileReference; lastKnownFileType = sourcecode.swift; path = SplashScreen.swift; sourceTree = "<group>"; };
		D4A65E242E3891D1004E24B1 /* RouteSelectionView.swift */ = {isa = PBXFileReference; lastKnownFileType = sourcecode.swift; path = RouteSelectionView.swift; sourceTree = "<group>"; };
		D4A8DE1A2E2AE7A7007178FC /* openapi-generator-config.yaml */ = {isa = PBXFileReference; fileEncoding = 4; lastKnownFileType = text.yaml; path = "openapi-generator-config.yaml"; sourceTree = "<group>"; };
		D4E21F002E4CC407008BEB2E /* SettingsKeys.swift */ = {isa = PBXFileReference; lastKnownFileType = sourcecode.swift; path = SettingsKeys.swift; sourceTree = "<group>"; };
		D4FD8C242E3C86C20064C9A2 /* StoriesCell.swift */ = {isa = PBXFileReference; lastKnownFileType = sourcecode.swift; path = StoriesCell.swift; sourceTree = "<group>"; };
		D4FD8C2E2E3CD2F40064C9A2 /* CityRowView.swift */ = {isa = PBXFileReference; lastKnownFileType = sourcecode.swift; path = CityRowView.swift; sourceTree = "<group>"; };
		D4FD8C312E3CD3170064C9A2 /* CityViewModel.swift */ = {isa = PBXFileReference; lastKnownFileType = sourcecode.swift; path = CityViewModel.swift; sourceTree = "<group>"; };
		D4FD8C3B2E3D43050064C9A2 /* StationSelectionView.swift */ = {isa = PBXFileReference; lastKnownFileType = sourcecode.swift; path = StationSelectionView.swift; sourceTree = "<group>"; };
		D4FD8C3F2E3D43730064C9A2 /* StationViewModel.swift */ = {isa = PBXFileReference; lastKnownFileType = sourcecode.swift; path = StationViewModel.swift; sourceTree = "<group>"; };
		D4FD8C412E3D43B30064C9A2 /* StationRowView.swift */ = {isa = PBXFileReference; lastKnownFileType = sourcecode.swift; path = StationRowView.swift; sourceTree = "<group>"; };
		D4FD8C442E3D4AFA0064C9A2 /* SearchBar.swift */ = {isa = PBXFileReference; lastKnownFileType = sourcecode.swift; path = SearchBar.swift; sourceTree = "<group>"; };
		D4FD8C472E3D5A5B0064C9A2 /* FilterView.swift */ = {isa = PBXFileReference; lastKnownFileType = sourcecode.swift; path = FilterView.swift; sourceTree = "<group>"; };
		D4FD8C4A2E3D5ADF0064C9A2 /* CarrierListView.swift */ = {isa = PBXFileReference; lastKnownFileType = sourcecode.swift; path = CarrierListView.swift; sourceTree = "<group>"; };
		D4FD8C4C2E3D5B060064C9A2 /* CarrierRouteViewModel.swift */ = {isa = PBXFileReference; lastKnownFileType = sourcecode.swift; path = CarrierRouteViewModel.swift; sourceTree = "<group>"; };
		D4FD8C4E2E3D5B3F0064C9A2 /* CarriersRowView.swift */ = {isa = PBXFileReference; lastKnownFileType = sourcecode.swift; path = CarriersRowView.swift; sourceTree = "<group>"; };
		D4FD8C552E3D60010064C9A2 /* StoriesViewModel.swift */ = {isa = PBXFileReference; lastKnownFileType = sourcecode.swift; path = StoriesViewModel.swift; sourceTree = "<group>"; };
		D4FD8C572E3D60160064C9A2 /* Stories.swift */ = {isa = PBXFileReference; lastKnownFileType = sourcecode.swift; path = Stories.swift; sourceTree = "<group>"; };
		D4FD8C5E2E3D614F0064C9A2 /* ErrorView.swift */ = {isa = PBXFileReference; lastKnownFileType = sourcecode.swift; path = ErrorView.swift; sourceTree = "<group>"; };
		D4FD8C722E3D63A80064C9A2 /* SettingsView.swift */ = {isa = PBXFileReference; lastKnownFileType = sourcecode.swift; path = SettingsView.swift; sourceTree = "<group>"; };
/* End PBXFileReference section */

/* Begin PBXFrameworksBuildPhase section */
		D427F0CB2E0D18F900F0AB14 /* Frameworks */ = {
			isa = PBXFrameworksBuildPhase;
			buildActionMask = 2147483647;
			files = (
				D465D1672E1B8D9900A84B89 /* OpenAPIRuntime in Frameworks */,
				D465D16A2E1B8DBA00A84B89 /* OpenAPIURLSession in Frameworks */,
			);
			runOnlyForDeploymentPostprocessing = 0;
		};
/* End PBXFrameworksBuildPhase section */

/* Begin PBXGroup section */
		D41E55032E3DCF7E00BD7FEF /* Settings */ = {
			isa = PBXGroup;
			children = (
				D4FD8C722E3D63A80064C9A2 /* SettingsView.swift */,
				D48ABEC82E4B9B2500F1680B /* SettingsButton.swift */,
				D48ABEC22E4B9AC100F1680B /* SettingsDestination.swift */,
			);
			path = Settings;
			sourceTree = "<group>";
		};
		D427F0C52E0D18F900F0AB14 = {
			isa = PBXGroup;
			children = (
				D427F0D02E0D18F900F0AB14 /* TravelSchedule */,
				D427F0CF2E0D18F900F0AB14 /* Products */,
			);
			sourceTree = "<group>";
		};
		D427F0CF2E0D18F900F0AB14 /* Products */ = {
			isa = PBXGroup;
			children = (
				D427F0CE2E0D18F900F0AB14 /* TravelSchedule.app */,
			);
			name = Products;
			sourceTree = "<group>";
		};
		D427F0D02E0D18F900F0AB14 /* TravelSchedule */ = {
			isa = PBXGroup;
			children = (
				D4FD8C6B2E3D635C0064C9A2 /* AppEntry */,
				D4FD8C2A2E3CC9C70064C9A2 /* Cities */,
				D4FD8C382E3D42F80064C9A2 /* Stations */,
				D4FD8C502E3D5B780064C9A2 /* CarrierList */,
				D4FD8C532E3D5FE10064C9A2 /* Stories */,
				D465D1732E1B937200A84B89 /* Services */,
				D4FD8C6D2E3D63630064C9A2 /* Search */,
				D4FD8C6F2E3D636C0064C9A2 /* Filter */,
				D41E55032E3DCF7E00BD7FEF /* Settings */,
				D4FD8C612E3D61BA0064C9A2 /* SystemErrors */,
				D465D16D2E1B8EBC00A84B89 /* Resources */,
				D427F0D72E0D18FB00F0AB14 /* Preview Content */,
				D427F0D52E0D18FB00F0AB14 /* Assets.xcassets */,
			);
			path = TravelSchedule;
			sourceTree = "<group>";
		};
		D427F0D72E0D18FB00F0AB14 /* Preview Content */ = {
			isa = PBXGroup;
			children = (
				D427F0D82E0D18FB00F0AB14 /* Preview Assets.xcassets */,
			);
			path = "Preview Content";
			sourceTree = "<group>";
		};
		D465D16D2E1B8EBC00A84B89 /* Resources */ = {
			isa = PBXGroup;
			children = (
				D41509A12E2E269F00C41798 /* openapi.yaml */,
				D4A8DE1A2E2AE7A7007178FC /* openapi-generator-config.yaml */,
			);
			path = Resources;
			sourceTree = "<group>";
		};
		D465D1732E1B937200A84B89 /* Services */ = {
			isa = PBXGroup;
			children = (
				D48FFE9D2E2E4EDA0021FF7D /* ScheduleBetweenStationsService.swift */,
				D48FFEA12E2FC2E10021FF7D /* ScheduleStationsService.swift */,
				D48FFEA82E30A97C0021FF7D /* ListRouteStationsService.swift */,
				D465D1742E1B938900A84B89 /* NearestStationsService.swift */,
				D48FFEAB2E30EC560021FF7D /* NearestSettlementService.swift */,
				D48FFEAE2E30FE500021FF7D /* CarrierService.swift */,
				D48FFEB22E310B610021FF7D /* AllStationsService.swift */,
				D48FFE9A2E2E31380021FF7D /* CopyrightService.swift */,
			);
			path = Services;
			sourceTree = "<group>";
		};
		D4FD8C2A2E3CC9C70064C9A2 /* Cities */ = {
			isa = PBXGroup;
			children = (
				D47844982E3A2E1700D93D42 /* CitySelectionView.swift */,
				D4FD8C2E2E3CD2F40064C9A2 /* CityRowView.swift */,
				D4FD8C312E3CD3170064C9A2 /* CityViewModel.swift */,
				D45046482E4C52B50090DAAE /* City.swift */,
			);
			path = Cities;
			sourceTree = "<group>";
		};
		D4FD8C382E3D42F80064C9A2 /* Stations */ = {
			isa = PBXGroup;
			children = (
				D4FD8C3B2E3D43050064C9A2 /* StationSelectionView.swift */,
				D4FD8C412E3D43B30064C9A2 /* StationRowView.swift */,
				D4FD8C3F2E3D43730064C9A2 /* StationViewModel.swift */,
				D45046462E4C52A60090DAAE /* RailwayStation.swift */,
			);
			path = Stations;
			sourceTree = "<group>";
		};
		D4FD8C502E3D5B780064C9A2 /* CarrierList */ = {
			isa = PBXGroup;
			children = (
				D4FD8C4A2E3D5ADF0064C9A2 /* CarrierListView.swift */,
				D4FD8C4E2E3D5B3F0064C9A2 /* CarriersRowView.swift */,
				D4FD8C4C2E3D5B060064C9A2 /* CarrierRouteViewModel.swift */,
				D45046432E4C52290090DAAE /* CarrierRoute.swift */,
			);
			path = CarrierList;
			sourceTree = "<group>";
		};
		D4FD8C532E3D5FE10064C9A2 /* Stories */ = {
			isa = PBXGroup;
			children = (
				D4FD8C572E3D60160064C9A2 /* Stories.swift */,
				D4FD8C242E3C86C20064C9A2 /* StoriesCell.swift */,
				D4FD8C552E3D60010064C9A2 /* StoriesViewModel.swift */,
			);
			path = Stories;
			sourceTree = "<group>";
		};
		D4FD8C612E3D61BA0064C9A2 /* SystemErrors */ = {
			isa = PBXGroup;
			children = (
				D4FD8C5E2E3D614F0064C9A2 /* ErrorView.swift */,
				D48ABEBF2E4B9A8E00F1680B /* ErrorType.swift */,
			);
			path = SystemErrors;
			sourceTree = "<group>";
		};
		D4FD8C6B2E3D635C0064C9A2 /* AppEntry */ = {
			isa = PBXGroup;
			children = (
				D427F0D12E0D18F900F0AB14 /* TravelScheduleApp.swift */,
				D4A65E212E3891AA004E24B1 /* SplashScreen.swift */,
				D427F0D32E0D18F900F0AB14 /* ContentView.swift */,
				D4A65E242E3891D1004E24B1 /* RouteSelectionView.swift */,
				D48ABEC52E4B9AE600F1680B /* NavigationController.swift */,
				D450464A2E4C53910090DAAE /* Destination.swift */,
				D4E21F002E4CC407008BEB2E /* SettingsKeys.swift */,
			);
			path = AppEntry;
			sourceTree = "<group>";
		};
		D4FD8C6D2E3D63630064C9A2 /* Search */ = {
			isa = PBXGroup;
			children = (
				D4FD8C442E3D4AFA0064C9A2 /* SearchBar.swift */,
			);
			path = Search;
			sourceTree = "<group>";
		};
		D4FD8C6F2E3D636C0064C9A2 /* Filter */ = {
			isa = PBXGroup;
			children = (
				D4FD8C472E3D5A5B0064C9A2 /* FilterView.swift */,
				D45046402E4C48180090DAAE /* TimePeriod.swift */,
			);
			path = Filter;
			sourceTree = "<group>";
		};
/* End PBXGroup section */

/* Begin PBXNativeTarget section */
		D427F0CD2E0D18F900F0AB14 /* TravelSchedule */ = {
			isa = PBXNativeTarget;
			buildConfigurationList = D427F0DC2E0D18FB00F0AB14 /* Build configuration list for PBXNativeTarget "TravelSchedule" */;
			buildPhases = (
				D427F0CA2E0D18F900F0AB14 /* Sources */,
				D427F0CB2E0D18F900F0AB14 /* Frameworks */,
				D427F0CC2E0D18F900F0AB14 /* Resources */,
			);
			buildRules = (
			);
			dependencies = (
				D465D16C2E1B8E5600A84B89 /* PBXTargetDependency */,
			);
			name = TravelSchedule;
			packageProductDependencies = (
				D465D1662E1B8D9900A84B89 /* OpenAPIRuntime */,
				D465D1692E1B8DBA00A84B89 /* OpenAPIURLSession */,
			);
			productName = TravelSchedule;
			productReference = D427F0CE2E0D18F900F0AB14 /* TravelSchedule.app */;
			productType = "com.apple.product-type.application";
		};
/* End PBXNativeTarget section */

/* Begin PBXProject section */
		D427F0C62E0D18F900F0AB14 /* Project object */ = {
			isa = PBXProject;
			attributes = {
				BuildIndependentTargetsInParallel = 1;
				LastSwiftUpdateCheck = 1540;
				LastUpgradeCheck = 1540;
				TargetAttributes = {
					D427F0CD2E0D18F900F0AB14 = {
						CreatedOnToolsVersion = 15.4;
					};
				};
			};
			buildConfigurationList = D427F0C92E0D18F900F0AB14 /* Build configuration list for PBXProject "TravelSchedule" */;
			compatibilityVersion = "Xcode 14.0";
			developmentRegion = en;
			hasScannedForEncodings = 0;
			knownRegions = (
				en,
				Base,
			);
			mainGroup = D427F0C52E0D18F900F0AB14;
			packageReferences = (
				D465D1622E1B8D6000A84B89 /* XCRemoteSwiftPackageReference "swift-openapi-generator" */,
				D465D1652E1B8D9900A84B89 /* XCRemoteSwiftPackageReference "swift-openapi-runtime" */,
				D465D1682E1B8DB900A84B89 /* XCRemoteSwiftPackageReference "swift-openapi-urlsession" */,
			);
			productRefGroup = D427F0CF2E0D18F900F0AB14 /* Products */;
			projectDirPath = "";
			projectRoot = "";
			targets = (
				D427F0CD2E0D18F900F0AB14 /* TravelSchedule */,
			);
		};
/* End PBXProject section */

/* Begin PBXResourcesBuildPhase section */
		D427F0CC2E0D18F900F0AB14 /* Resources */ = {
			isa = PBXResourcesBuildPhase;
			buildActionMask = 2147483647;
			files = (
				D427F0D92E0D18FB00F0AB14 /* Preview Assets.xcassets in Resources */,
				D41509A22E2E269F00C41798 /* openapi.yaml in Resources */,
				D4A8DE1B2E2AE7A7007178FC /* openapi-generator-config.yaml in Resources */,
				D427F0D62E0D18FB00F0AB14 /* Assets.xcassets in Resources */,
			);
			runOnlyForDeploymentPostprocessing = 0;
		};
/* End PBXResourcesBuildPhase section */

/* Begin PBXSourcesBuildPhase section */
		D427F0CA2E0D18F900F0AB14 /* Sources */ = {
			isa = PBXSourcesBuildPhase;
			buildActionMask = 2147483647;
			files = (
				D48FFEAF2E30FE500021FF7D /* CarrierService.swift in Sources */,
				D4FD8C4D2E3D5B060064C9A2 /* CarrierRouteViewModel.swift in Sources */,
				D450464B2E4C53910090DAAE /* Destination.swift in Sources */,
				D45046492E4C52B50090DAAE /* City.swift in Sources */,
				D45046442E4C52290090DAAE /* CarrierRoute.swift in Sources */,
				D4FD8C322E3CD3170064C9A2 /* CityViewModel.swift in Sources */,
				D48ABEC32E4B9AC100F1680B /* SettingsDestination.swift in Sources */,
				D4E21F012E4CC407008BEB2E /* SettingsKeys.swift in Sources */,
				D4FD8C5F2E3D61500064C9A2 /* ErrorView.swift in Sources */,
				D427F0D42E0D18F900F0AB14 /* ContentView.swift in Sources */,
				D48FFEB32E310B610021FF7D /* AllStationsService.swift in Sources */,
				D48ABEC02E4B9A8E00F1680B /* ErrorType.swift in Sources */,
				D4FD8C482E3D5A5B0064C9A2 /* FilterView.swift in Sources */,
				D48FFEAC2E30EC560021FF7D /* NearestSettlementService.swift in Sources */,
				D48FFEA92E30A97D0021FF7D /* ListRouteStationsService.swift in Sources */,
				D4FD8C402E3D43730064C9A2 /* StationViewModel.swift in Sources */,
				D465D1752E1B938900A84B89 /* NearestStationsService.swift in Sources */,
				D4FD8C562E3D60010064C9A2 /* StoriesViewModel.swift in Sources */,
				D4FD8C4B2E3D5ADF0064C9A2 /* CarrierListView.swift in Sources */,
				D4A65E222E3891AA004E24B1 /* SplashScreen.swift in Sources */,
				D427F0D22E0D18F900F0AB14 /* TravelScheduleApp.swift in Sources */,
				D4FD8C732E3D63A80064C9A2 /* SettingsView.swift in Sources */,
				D47844992E3A2E1700D93D42 /* CitySelectionView.swift in Sources */,
				D48FFE9B2E2E31380021FF7D /* CopyrightService.swift in Sources */,
				D4FD8C422E3D43B30064C9A2 /* StationRowView.swift in Sources */,
				D48FFE9E2E2E4EDA0021FF7D /* ScheduleBetweenStationsService.swift in Sources */,
				D48ABEC62E4B9AE600F1680B /* NavigationController.swift in Sources */,
				D45046412E4C48180090DAAE /* TimePeriod.swift in Sources */,
				D4FD8C3C2E3D43050064C9A2 /* StationSelectionView.swift in Sources */,
				D4FD8C452E3D4AFA0064C9A2 /* SearchBar.swift in Sources */,
				D4FD8C2F2E3CD2F40064C9A2 /* CityRowView.swift in Sources */,
				D4FD8C252E3C86C20064C9A2 /* StoriesCell.swift in Sources */,
				D48FFEA22E2FC2E10021FF7D /* ScheduleStationsService.swift in Sources */,
				D48ABEC92E4B9B2500F1680B /* SettingsButton.swift in Sources */,
				D4FD8C4F2E3D5B3F0064C9A2 /* CarriersRowView.swift in Sources */,
				D4FD8C582E3D60160064C9A2 /* Stories.swift in Sources */,
				D4A65E252E3891D1004E24B1 /* RouteSelectionView.swift in Sources */,
				D45046472E4C52A60090DAAE /* RailwayStation.swift in Sources */,
			);
			runOnlyForDeploymentPostprocessing = 0;
		};
/* End PBXSourcesBuildPhase section */

/* Begin PBXTargetDependency section */
		D465D16C2E1B8E5600A84B89 /* PBXTargetDependency */ = {
			isa = PBXTargetDependency;
			productRef = D465D16B2E1B8E5600A84B89 /* OpenAPIGenerator */;
		};
/* End PBXTargetDependency section */

/* Begin XCBuildConfiguration section */
		D427F0DA2E0D18FB00F0AB14 /* Debug */ = {
			isa = XCBuildConfiguration;
			buildSettings = {
				ALWAYS_SEARCH_USER_PATHS = NO;
				ASSETCATALOG_COMPILER_GENERATE_SWIFT_ASSET_SYMBOL_EXTENSIONS = YES;
				CLANG_ANALYZER_NONNULL = YES;
				CLANG_ANALYZER_NUMBER_OBJECT_CONVERSION = YES_AGGRESSIVE;
				CLANG_CXX_LANGUAGE_STANDARD = "gnu++20";
				CLANG_ENABLE_MODULES = YES;
				CLANG_ENABLE_OBJC_ARC = YES;
				CLANG_ENABLE_OBJC_WEAK = YES;
				CLANG_WARN_BLOCK_CAPTURE_AUTORELEASING = YES;
				CLANG_WARN_BOOL_CONVERSION = YES;
				CLANG_WARN_COMMA = YES;
				CLANG_WARN_CONSTANT_CONVERSION = YES;
				CLANG_WARN_DEPRECATED_OBJC_IMPLEMENTATIONS = YES;
				CLANG_WARN_DIRECT_OBJC_ISA_USAGE = YES_ERROR;
				CLANG_WARN_DOCUMENTATION_COMMENTS = YES;
				CLANG_WARN_EMPTY_BODY = YES;
				CLANG_WARN_ENUM_CONVERSION = YES;
				CLANG_WARN_INFINITE_RECURSION = YES;
				CLANG_WARN_INT_CONVERSION = YES;
				CLANG_WARN_NON_LITERAL_NULL_CONVERSION = YES;
				CLANG_WARN_OBJC_IMPLICIT_RETAIN_SELF = YES;
				CLANG_WARN_OBJC_LITERAL_CONVERSION = YES;
				CLANG_WARN_OBJC_ROOT_CLASS = YES_ERROR;
				CLANG_WARN_QUOTED_INCLUDE_IN_FRAMEWORK_HEADER = YES;
				CLANG_WARN_RANGE_LOOP_ANALYSIS = YES;
				CLANG_WARN_STRICT_PROTOTYPES = YES;
				CLANG_WARN_SUSPICIOUS_MOVE = YES;
				CLANG_WARN_UNGUARDED_AVAILABILITY = YES_AGGRESSIVE;
				CLANG_WARN_UNREACHABLE_CODE = YES;
				CLANG_WARN__DUPLICATE_METHOD_MATCH = YES;
				COPY_PHASE_STRIP = NO;
				DEBUG_INFORMATION_FORMAT = dwarf;
				ENABLE_STRICT_OBJC_MSGSEND = YES;
				ENABLE_TESTABILITY = YES;
				ENABLE_USER_SCRIPT_SANDBOXING = YES;
				GCC_C_LANGUAGE_STANDARD = gnu17;
				GCC_DYNAMIC_NO_PIC = NO;
				GCC_NO_COMMON_BLOCKS = YES;
				GCC_OPTIMIZATION_LEVEL = 0;
				GCC_PREPROCESSOR_DEFINITIONS = (
					"DEBUG=1",
					"$(inherited)",
				);
				GCC_WARN_64_TO_32_BIT_CONVERSION = YES;
				GCC_WARN_ABOUT_RETURN_TYPE = YES_ERROR;
				GCC_WARN_UNDECLARED_SELECTOR = YES;
				GCC_WARN_UNINITIALIZED_AUTOS = YES_AGGRESSIVE;
				GCC_WARN_UNUSED_FUNCTION = YES;
				GCC_WARN_UNUSED_VARIABLE = YES;
				IPHONEOS_DEPLOYMENT_TARGET = 17.0;
				LOCALIZATION_PREFERS_STRING_CATALOGS = YES;
				MTL_ENABLE_DEBUG_INFO = INCLUDE_SOURCE;
				MTL_FAST_MATH = YES;
				ONLY_ACTIVE_ARCH = YES;
				SDKROOT = iphoneos;
				SWIFT_ACTIVE_COMPILATION_CONDITIONS = "DEBUG $(inherited)";
				SWIFT_OPTIMIZATION_LEVEL = "-Onone";
			};
			name = Debug;
		};
		D427F0DB2E0D18FB00F0AB14 /* Release */ = {
			isa = XCBuildConfiguration;
			buildSettings = {
				ALWAYS_SEARCH_USER_PATHS = NO;
				ASSETCATALOG_COMPILER_GENERATE_SWIFT_ASSET_SYMBOL_EXTENSIONS = YES;
				CLANG_ANALYZER_NONNULL = YES;
				CLANG_ANALYZER_NUMBER_OBJECT_CONVERSION = YES_AGGRESSIVE;
				CLANG_CXX_LANGUAGE_STANDARD = "gnu++20";
				CLANG_ENABLE_MODULES = YES;
				CLANG_ENABLE_OBJC_ARC = YES;
				CLANG_ENABLE_OBJC_WEAK = YES;
				CLANG_WARN_BLOCK_CAPTURE_AUTORELEASING = YES;
				CLANG_WARN_BOOL_CONVERSION = YES;
				CLANG_WARN_COMMA = YES;
				CLANG_WARN_CONSTANT_CONVERSION = YES;
				CLANG_WARN_DEPRECATED_OBJC_IMPLEMENTATIONS = YES;
				CLANG_WARN_DIRECT_OBJC_ISA_USAGE = YES_ERROR;
				CLANG_WARN_DOCUMENTATION_COMMENTS = YES;
				CLANG_WARN_EMPTY_BODY = YES;
				CLANG_WARN_ENUM_CONVERSION = YES;
				CLANG_WARN_INFINITE_RECURSION = YES;
				CLANG_WARN_INT_CONVERSION = YES;
				CLANG_WARN_NON_LITERAL_NULL_CONVERSION = YES;
				CLANG_WARN_OBJC_IMPLICIT_RETAIN_SELF = YES;
				CLANG_WARN_OBJC_LITERAL_CONVERSION = YES;
				CLANG_WARN_OBJC_ROOT_CLASS = YES_ERROR;
				CLANG_WARN_QUOTED_INCLUDE_IN_FRAMEWORK_HEADER = YES;
				CLANG_WARN_RANGE_LOOP_ANALYSIS = YES;
				CLANG_WARN_STRICT_PROTOTYPES = YES;
				CLANG_WARN_SUSPICIOUS_MOVE = YES;
				CLANG_WARN_UNGUARDED_AVAILABILITY = YES_AGGRESSIVE;
				CLANG_WARN_UNREACHABLE_CODE = YES;
				CLANG_WARN__DUPLICATE_METHOD_MATCH = YES;
				COPY_PHASE_STRIP = NO;
				DEBUG_INFORMATION_FORMAT = "dwarf-with-dsym";
				ENABLE_NS_ASSERTIONS = NO;
				ENABLE_STRICT_OBJC_MSGSEND = YES;
				ENABLE_USER_SCRIPT_SANDBOXING = YES;
				GCC_C_LANGUAGE_STANDARD = gnu17;
				GCC_NO_COMMON_BLOCKS = YES;
				GCC_WARN_64_TO_32_BIT_CONVERSION = YES;
				GCC_WARN_ABOUT_RETURN_TYPE = YES_ERROR;
				GCC_WARN_UNDECLARED_SELECTOR = YES;
				GCC_WARN_UNINITIALIZED_AUTOS = YES_AGGRESSIVE;
				GCC_WARN_UNUSED_FUNCTION = YES;
				GCC_WARN_UNUSED_VARIABLE = YES;
				IPHONEOS_DEPLOYMENT_TARGET = 17.0;
				LOCALIZATION_PREFERS_STRING_CATALOGS = YES;
				MTL_ENABLE_DEBUG_INFO = NO;
				MTL_FAST_MATH = YES;
				SDKROOT = iphoneos;
				SWIFT_COMPILATION_MODE = wholemodule;
				VALIDATE_PRODUCT = YES;
			};
			name = Release;
		};
		D427F0DD2E0D18FB00F0AB14 /* Debug */ = {
			isa = XCBuildConfiguration;
			buildSettings = {
				ASSETCATALOG_COMPILER_APPICON_NAME = AppIcon;
				ASSETCATALOG_COMPILER_GLOBAL_ACCENT_COLOR_NAME = AccentColor;
				CODE_SIGN_STYLE = Automatic;
				CURRENT_PROJECT_VERSION = 1;
				DEVELOPMENT_ASSET_PATHS = "\"TravelSchedule/Preview Content\"";
				DEVELOPMENT_TEAM = AN4FK745A3;
				ENABLE_PREVIEWS = YES;
				GENERATE_INFOPLIST_FILE = YES;
				INFOPLIST_KEY_UIApplicationSceneManifest_Generation = YES;
				INFOPLIST_KEY_UIApplicationSupportsIndirectInputEvents = YES;
				INFOPLIST_KEY_UILaunchScreen_Generation = YES;
				INFOPLIST_KEY_UISupportedInterfaceOrientations = UIInterfaceOrientationPortrait;
				INFOPLIST_KEY_UISupportedInterfaceOrientations_iPad = "UIInterfaceOrientationLandscapeLeft UIInterfaceOrientationLandscapeRight UIInterfaceOrientationPortrait UIInterfaceOrientationPortraitUpsideDown";
				LD_RUNPATH_SEARCH_PATHS = (
					"$(inherited)",
					"@executable_path/Frameworks",
				);
				MARKETING_VERSION = 1.0;
				PRODUCT_BUNDLE_IDENTIFIER = "com.github-pavelseleznev.TravelSchedule";
				PRODUCT_NAME = "$(TARGET_NAME)";
				SWIFT_EMIT_LOC_STRINGS = YES;
				SWIFT_VERSION = 5.0;
				TARGETED_DEVICE_FAMILY = 1;
			};
			name = Debug;
		};
		D427F0DE2E0D18FB00F0AB14 /* Release */ = {
			isa = XCBuildConfiguration;
			buildSettings = {
				ASSETCATALOG_COMPILER_APPICON_NAME = AppIcon;
				ASSETCATALOG_COMPILER_GLOBAL_ACCENT_COLOR_NAME = AccentColor;
				CODE_SIGN_STYLE = Automatic;
				CURRENT_PROJECT_VERSION = 1;
				DEVELOPMENT_ASSET_PATHS = "\"TravelSchedule/Preview Content\"";
				DEVELOPMENT_TEAM = AN4FK745A3;
				ENABLE_PREVIEWS = YES;
				GENERATE_INFOPLIST_FILE = YES;
				INFOPLIST_KEY_UIApplicationSceneManifest_Generation = YES;
				INFOPLIST_KEY_UIApplicationSupportsIndirectInputEvents = YES;
				INFOPLIST_KEY_UILaunchScreen_Generation = YES;
				INFOPLIST_KEY_UISupportedInterfaceOrientations = UIInterfaceOrientationPortrait;
				INFOPLIST_KEY_UISupportedInterfaceOrientations_iPad = "UIInterfaceOrientationLandscapeLeft UIInterfaceOrientationLandscapeRight UIInterfaceOrientationPortrait UIInterfaceOrientationPortraitUpsideDown";
				LD_RUNPATH_SEARCH_PATHS = (
					"$(inherited)",
					"@executable_path/Frameworks",
				);
				MARKETING_VERSION = 1.0;
				PRODUCT_BUNDLE_IDENTIFIER = "com.github-pavelseleznev.TravelSchedule";
				PRODUCT_NAME = "$(TARGET_NAME)";
				SWIFT_EMIT_LOC_STRINGS = YES;
				SWIFT_VERSION = 5.0;
				TARGETED_DEVICE_FAMILY = 1;
			};
			name = Release;
		};
/* End XCBuildConfiguration section */

/* Begin XCConfigurationList section */
		D427F0C92E0D18F900F0AB14 /* Build configuration list for PBXProject "TravelSchedule" */ = {
			isa = XCConfigurationList;
			buildConfigurations = (
				D427F0DA2E0D18FB00F0AB14 /* Debug */,
				D427F0DB2E0D18FB00F0AB14 /* Release */,
			);
			defaultConfigurationIsVisible = 0;
			defaultConfigurationName = Release;
		};
		D427F0DC2E0D18FB00F0AB14 /* Build configuration list for PBXNativeTarget "TravelSchedule" */ = {
			isa = XCConfigurationList;
			buildConfigurations = (
				D427F0DD2E0D18FB00F0AB14 /* Debug */,
				D427F0DE2E0D18FB00F0AB14 /* Release */,
			);
			defaultConfigurationIsVisible = 0;
			defaultConfigurationName = Release;
		};
/* End XCConfigurationList section */

/* Begin XCRemoteSwiftPackageReference section */
		D465D1622E1B8D6000A84B89 /* XCRemoteSwiftPackageReference "swift-openapi-generator" */ = {
			isa = XCRemoteSwiftPackageReference;
			repositoryURL = "https://github.com/apple/swift-openapi-generator";
			requirement = {
				kind = upToNextMajorVersion;
				minimumVersion = 1.9.0;
			};
		};
		D465D1652E1B8D9900A84B89 /* XCRemoteSwiftPackageReference "swift-openapi-runtime" */ = {
			isa = XCRemoteSwiftPackageReference;
			repositoryURL = "https://github.com/apple/swift-openapi-runtime";
			requirement = {
				kind = upToNextMajorVersion;
				minimumVersion = 1.8.2;
			};
		};
		D465D1682E1B8DB900A84B89 /* XCRemoteSwiftPackageReference "swift-openapi-urlsession" */ = {
			isa = XCRemoteSwiftPackageReference;
			repositoryURL = "https://github.com/apple/swift-openapi-urlsession";
			requirement = {
				kind = upToNextMajorVersion;
				minimumVersion = 1.1.0;
			};
		};
/* End XCRemoteSwiftPackageReference section */

/* Begin XCSwiftPackageProductDependency section */
		D465D1662E1B8D9900A84B89 /* OpenAPIRuntime */ = {
			isa = XCSwiftPackageProductDependency;
			package = D465D1652E1B8D9900A84B89 /* XCRemoteSwiftPackageReference "swift-openapi-runtime" */;
			productName = OpenAPIRuntime;
		};
		D465D1692E1B8DBA00A84B89 /* OpenAPIURLSession */ = {
			isa = XCSwiftPackageProductDependency;
			package = D465D1682E1B8DB900A84B89 /* XCRemoteSwiftPackageReference "swift-openapi-urlsession" */;
			productName = OpenAPIURLSession;
		};
		D465D16B2E1B8E5600A84B89 /* OpenAPIGenerator */ = {
			isa = XCSwiftPackageProductDependency;
			package = D465D1622E1B8D6000A84B89 /* XCRemoteSwiftPackageReference "swift-openapi-generator" */;
			productName = "plugin:OpenAPIGenerator";
		};
/* End XCSwiftPackageProductDependency section */
	};
	rootObject = D427F0C62E0D18F900F0AB14 /* Project object */;
}
